
Microsoft Visual Studio Solution File, Format Version 12.00
# Visual Studio 15
VisualStudioVersion = 15.0.26124.0
MinimumVisualStudioVersion = 15.0.26124.0
Project("{FAE04EC0-301F-11D3-BF4B-00C04F79EFBC}") = "k8s-utils", "k8s-utils\k8s-utils.csproj", "{2553EFEF-8297-49C8-A20D-4A860B112260}"
EndProject
Project("{FAE04EC0-301F-11D3-BF4B-00C04F79EFBC}") = "k8s-utils-test", "k8s-utils-test\k8s-utils-test.csproj", "{BA498162-39FD-41AB-A1CC-D7CE8C0323CE}"
EndProject
Global
	GlobalSection(SolutionConfigurationPlatforms) = preSolution
		Debug|Any CPU = Debug|Any CPU
		Debug|x64 = Debug|x64
		Debug|x86 = Debug|x86
		Release|Any CPU = Release|Any CPU
		Release|x64 = Release|x64
		Release|x86 = Release|x86
	EndGlobalSection
	GlobalSection(SolutionProperties) = preSolution
		HideSolutionNode = FALSE
	EndGlobalSection
	GlobalSection(ProjectConfigurationPlatforms) = postSolution
		{2553EFEF-8297-49C8-A20D-4A860B112260}.Debug|Any CPU.ActiveCfg = Debug|Any CPU
		{2553EFEF-8297-49C8-A20D-4A860B112260}.Debug|Any CPU.Build.0 = Debug|Any CPU
		{2553EFEF-8297-49C8-A20D-4A860B112260}.Debug|x64.ActiveCfg = Debug|Any CPU
		{2553EFEF-8297-49C8-A20D-4A860B112260}.Debug|x64.Build.0 = Debug|Any CPU
		{2553EFEF-8297-49C8-A20D-4A860B112260}.Debug|x86.ActiveCfg = Debug|Any CPU
		{2553EFEF-8297-49C8-A20D-4A860B112260}.Debug|x86.Build.0 = Debug|Any CPU
		{2553EFEF-8297-49C8-A20D-4A860B112260}.Release|Any CPU.ActiveCfg = Release|Any CPU
		{2553EFEF-8297-49C8-A20D-4A860B112260}.Release|Any CPU.Build.0 = Release|Any CPU
		{2553EFEF-8297-49C8-A20D-4A860B112260}.Release|x64.ActiveCfg = Release|Any CPU
		{2553EFEF-8297-49C8-A20D-4A860B112260}.Release|x64.Build.0 = Release|Any CPU
		{2553EFEF-8297-49C8-A20D-4A860B112260}.Release|x86.ActiveCfg = Release|Any CPU
		{2553EFEF-8297-49C8-A20D-4A860B112260}.Release|x86.Build.0 = Release|Any CPU
		{BA498162-39FD-41AB-A1CC-D7CE8C0323CE}.Debug|Any CPU.ActiveCfg = Debug|Any CPU
		{BA498162-39FD-41AB-A1CC-D7CE8C0323CE}.Debug|Any CPU.Build.0 = Debug|Any CPU
		{BA498162-39FD-41AB-A1CC-D7CE8C0323CE}.Debug|x64.ActiveCfg = Debug|Any CPU
		{BA498162-39FD-41AB-A1CC-D7CE8C0323CE}.Debug|x64.Build.0 = Debug|Any CPU
		{BA498162-39FD-41AB-A1CC-D7CE8C0323CE}.Debug|x86.ActiveCfg = Debug|Any CPU
		{BA498162-39FD-41AB-A1CC-D7CE8C0323CE}.Debug|x86.Build.0 = Debug|Any CPU
		{BA498162-39FD-41AB-A1CC-D7CE8C0323CE}.Release|Any CPU.ActiveCfg = Release|Any CPU
		{BA498162-39FD-41AB-A1CC-D7CE8C0323CE}.Release|Any CPU.Build.0 = Release|Any CPU
		{BA498162-39FD-41AB-A1CC-D7CE8C0323CE}.Release|x64.ActiveCfg = Release|Any CPU
		{BA498162-39FD-41AB-A1CC-D7CE8C0323CE}.Release|x64.Build.0 = Release|Any CPU
		{BA498162-39FD-41AB-A1CC-D7CE8C0323CE}.Release|x86.ActiveCfg = Release|Any CPU
		{BA498162-39FD-41AB-A1CC-D7CE8C0323CE}.Release|x86.Build.0 = Release|Any CPU
	EndGlobalSection
EndGlobal
